{
  "originHash" : "b8069bd3df722f5cbd332640effe68d5e3b50b7638a8985236acc4eb87e1c1a7",
  "pins" : [
    {
      "identity" : "sdwebimage",
      "kind" : "remoteSourceControl",
      "location" : "https://github.com/SDWebImage/SDWebImage.git",
      "state" : {
        "revision" : "449e8f8f10377f620db8ad22ea81208eecf6325f",
        "version" : "5.21.6"
      }
    },
    {
      "identity" : "sdwebimageswiftui",
      "kind" : "remoteSourceControl",
      "location" : "https://github.com/SDWebImage/SDWebImageSwiftUI.git",
      "state" : {
        "revision" : "0e331457ca9af2f0b08bcaa138a91ffb907b004f",
        "version" : "3.1.4"
      }
    },
    {
      "identity" : "swiftfulutilities",
      "kind" : "remoteSourceControl",
      "location" : "https://github.com/SwiftfulThinking/SwiftfulUtilities.git",
      "state" : {
        "revision" : "5daf67caa4d3abec7621fe1c7fa3ba1b53f94718",
        "version" : "1.1.7"
      }
    }
  ],
  "version" : 3
}
